
Microsoft Visual Studio Solution File, Format Version 12.00
# Visual Studio Version 17
VisualStudioVersion = 17.5.33414.496
MinimumVisualStudioVersion = 10.0.40219.1
Project("{9A19103F-16F7-4668-BE54-9A1E7A4F7556}") = "WaveFront", "WaveFront\WaveFront.csproj", "{A8AB79C8-3CD9-48E0-A95E-C7833F2F7ACA}"
EndProject
Project("{FAE04EC0-301F-11D3-BF4B-00C04F79EFBC}") = "TestProject", "TestProject\TestProject.csproj", "{482ACC7A-9CD1-495C-8410-3FB1BE8AC14B}"
EndProject
Global
	GlobalSection(SolutionConfigurationPlatforms) = preSolution
		Debug|Any CPU = Debug|Any CPU
		Release|Any CPU = Release|Any CPU
	EndGlobalSection
	GlobalSection(ProjectConfigurationPlatforms) = postSolution
		{A8AB79C8-3CD9-48E0-A95E-C7833F2F7ACA}.Debug|Any CPU.ActiveCfg = Debug|Any CPU
		{A8AB79C8-3CD9-48E0-A95E-C7833F2F7ACA}.Debug|Any CPU.Build.0 = Debug|Any CPU
		{A8AB79C8-3CD9-48E0-A95E-C7833F2F7ACA}.Release|Any CPU.ActiveCfg = Release|Any CPU
		{A8AB79C8-3CD9-48E0-A95E-C7833F2F7ACA}.Release|Any CPU.Build.0 = Release|Any CPU
		{482ACC7A-9CD1-495C-8410-3FB1BE8AC14B}.Debug|Any CPU.ActiveCfg = Debug|Any CPU
		{482ACC7A-9CD1-495C-8410-3FB1BE8AC14B}.Debug|Any CPU.Build.0 = Debug|Any CPU
		{482ACC7A-9CD1-495C-8410-3FB1BE8AC14B}.Release|Any CPU.ActiveCfg = Release|Any CPU
		{482ACC7A-9CD1-495C-8410-3FB1BE8AC14B}.Release|Any CPU.Build.0 = Release|Any CPU
	EndGlobalSection
	GlobalSection(SolutionProperties) = preSolution
		HideSolutionNode = FALSE
	EndGlobalSection
	GlobalSection(ExtensibilityGlobals) = postSolution
		SolutionGuid = {EACB8034-69A8-4120-A8C9-DB2BB4489E53}
	EndGlobalSection
EndGlobal
